
Microsoft Visual Studio Solution File, Format Version 12.00
# Visual Studio 14
VisualStudioVersion = 14.0.25420.1
MinimumVisualStudioVersion = 10.0.40219.1
Project("{FAE04EC0-301F-11D3-BF4B-00C04F79EFBC}") = "ServerUploadDownload", "ServerUploadDownload\ServerUploadDownload.csproj", "{8FF5AC39-B8F9-40DD-B70D-56A3E64E3CFF}"
EndProject
Project("{FAE04EC0-301F-11D3-BF4B-00C04F79EFBC}") = "ScanOperation", "ScanOperation\ScanOperation.csproj", "{AAC33F26-B1E9-493A-BFA6-2B0ABB4D6565}"
EndProject
Project("{FAE04EC0-301F-11D3-BF4B-00C04F79EFBC}") = "Helper", "SQLHelper\Helper.csproj", "{CB863F27-E252-4199-84B9-7CB8046367BA}"
EndProject
Project("{FAE04EC0-301F-11D3-BF4B-00C04F79EFBC}") = "KdGoldAPI", "KdGoldAPI\KdGoldAPI.csproj", "{DA823C3A-7812-4A21-B044-D92F0AD93684}"
EndProject
Project("{FAE04EC0-301F-11D3-BF4B-00C04F79EFBC}") = "Signin", "Signin\Signin.csproj", "{E1CB6ABC-C021-4C5C-8CA6-65FACDBF2360}"
EndProject
Project("{FAE04EC0-301F-11D3-BF4B-00C04F79EFBC}") = "Basics", "Basics\Basics.csproj", "{D2AA1F58-8D99-41BF-8CDF-11238CDFCFD5}"
EndProject
Project("{FAE04EC0-301F-11D3-BF4B-00C04F79EFBC}") = "Event", "Event\Event.csproj", "{5E4D731B-B99D-4544-BFA7-BB485E8FE7EF}"
EndProject
Project("{FAE04EC0-301F-11D3-BF4B-00C04F79EFBC}") = "Salary", "Salary\Salary.csproj", "{C2D107A9-B9AD-4B64-A6FC-346CD95AB01D}"
EndProject
Project("{FAE04EC0-301F-11D3-BF4B-00C04F79EFBC}") = "Report", "Report\Report.csproj", "{137C9494-1A2D-4A9B-977A-89350888E7CF}"
EndProject
Project("{FAE04EC0-301F-11D3-BF4B-00C04F79EFBC}") = "Goods", "Goods\Goods.csproj", "{89D55043-BE9A-41A5-A77B-9DD896897D38}"
EndProject
Project("{FAE04EC0-301F-11D3-BF4B-00C04F79EFBC}") = "Purchasesale", "Purchasesale\Purchasesale.csproj", "{410C4F56-3CD5-49C8-8C3D-DF0257544111}"
EndProject
Project("{FAE04EC0-301F-11D3-BF4B-00C04F79EFBC}") = "Customer", "Customer\Customer.csproj", "{D73CE8FE-74C3-4DEE-8C20-58CAD0D0E9B5}"
EndProject
Project("{FAE04EC0-301F-11D3-BF4B-00C04F79EFBC}") = "Purchasesalemessage", "Purchasesalemessage\Purchasesalemessage.csproj", "{329B3D01-D491-4766-AD89-6FFA0946D9CA}"
EndProject
Project("{FAE04EC0-301F-11D3-BF4B-00C04F79EFBC}") = "Access", "Access\Access.csproj", "{E32DDD69-405E-489D-9DBE-7E35AE15738F}"
EndProject
Project("{FAE04EC0-301F-11D3-BF4B-00C04F79EFBC}") = "Sequence", "Sequence\Sequence.csproj", "{F44820FC-36BD-4EA2-9D9A-7FE10CBD6557}"
EndProject
Project("{FAE04EC0-301F-11D3-BF4B-00C04F79EFBC}") = "SequenceOperation", "SequenceOperation\SequenceOperation.csproj", "{7A1B938B-9C85-41A3-8893-205B1B165A21}"
EndProject
Project("{FAE04EC0-301F-11D3-BF4B-00C04F79EFBC}") = "Stock", "Stock\Stock.csproj", "{146BD371-E071-492C-892B-97C740649E26}"
EndProject
Project("{FAE04EC0-301F-11D3-BF4B-00C04F79EFBC}") = "ADVWMS", "ADVWMS\ADVWMS.csproj", "{484A5E2C-1625-4CEB-B59A-F3ED33E568CC}"
EndProject
Project("{FAE04EC0-301F-11D3-BF4B-00C04F79EFBC}") = "OfficeToPdf", "OfficeToPdf\OfficeToPdf.csproj", "{F2593C02-374D-433C-B7A1-A724E87796A6}"
EndProject
Global
	GlobalSection(SolutionConfigurationPlatforms) = preSolution
		Debug|Any CPU = Debug|Any CPU
		Release|Any CPU = Release|Any CPU
	EndGlobalSection
	GlobalSection(ProjectConfigurationPlatforms) = postSolution
		{8FF5AC39-B8F9-40DD-B70D-56A3E64E3CFF}.Debug|Any CPU.ActiveCfg = Debug|Any CPU
		{8FF5AC39-B8F9-40DD-B70D-56A3E64E3CFF}.Debug|Any CPU.Build.0 = Debug|Any CPU
		{8FF5AC39-B8F9-40DD-B70D-56A3E64E3CFF}.Release|Any CPU.ActiveCfg = Release|Any CPU
		{8FF5AC39-B8F9-40DD-B70D-56A3E64E3CFF}.Release|Any CPU.Build.0 = Release|Any CPU
		{AAC33F26-B1E9-493A-BFA6-2B0ABB4D6565}.Debug|Any CPU.ActiveCfg = Debug|Any CPU
		{AAC33F26-B1E9-493A-BFA6-2B0ABB4D6565}.Debug|Any CPU.Build.0 = Debug|Any CPU
		{AAC33F26-B1E9-493A-BFA6-2B0ABB4D6565}.Release|Any CPU.ActiveCfg = Release|Any CPU
		{AAC33F26-B1E9-493A-BFA6-2B0ABB4D6565}.Release|Any CPU.Build.0 = Release|Any CPU
		{CB863F27-E252-4199-84B9-7CB8046367BA}.Debug|Any CPU.ActiveCfg = Debug|Any CPU
		{CB863F27-E252-4199-84B9-7CB8046367BA}.Debug|Any CPU.Build.0 = Debug|Any CPU
		{CB863F27-E252-4199-84B9-7CB8046367BA}.Release|Any CPU.ActiveCfg = Release|Any CPU
		{CB863F27-E252-4199-84B9-7CB8046367BA}.Release|Any CPU.Build.0 = Release|Any CPU
		{DA823C3A-7812-4A21-B044-D92F0AD93684}.Debug|Any CPU.ActiveCfg = Debug|Any CPU
		{DA823C3A-7812-4A21-B044-D92F0AD93684}.Debug|Any CPU.Build.0 = Debug|Any CPU
		{DA823C3A-7812-4A21-B044-D92F0AD93684}.Release|Any CPU.ActiveCfg = Release|Any CPU
		{DA823C3A-7812-4A21-B044-D92F0AD93684}.Release|Any CPU.Build.0 = Release|Any CPU
		{E1CB6ABC-C021-4C5C-8CA6-65FACDBF2360}.Debug|Any CPU.ActiveCfg = Debug|Any CPU
		{E1CB6ABC-C021-4C5C-8CA6-65FACDBF2360}.Debug|Any CPU.Build.0 = Debug|Any CPU
		{E1CB6ABC-C021-4C5C-8CA6-65FACDBF2360}.Release|Any CPU.ActiveCfg = Release|Any CPU
		{E1CB6ABC-C021-4C5C-8CA6-65FACDBF2360}.Release|Any CPU.Build.0 = Release|Any CPU
		{D2AA1F58-8D99-41BF-8CDF-11238CDFCFD5}.Debug|Any CPU.ActiveCfg = Debug|Any CPU
		{D2AA1F58-8D99-41BF-8CDF-11238CDFCFD5}.Debug|Any CPU.Build.0 = Debug|Any CPU
		{D2AA1F58-8D99-41BF-8CDF-11238CDFCFD5}.Release|Any CPU.ActiveCfg = Release|Any CPU
		{D2AA1F58-8D99-41BF-8CDF-11238CDFCFD5}.Release|Any CPU.Build.0 = Release|Any CPU
		{5E4D731B-B99D-4544-BFA7-BB485E8FE7EF}.Debug|Any CPU.ActiveCfg = Debug|Any CPU
		{5E4D731B-B99D-4544-BFA7-BB485E8FE7EF}.Debug|Any CPU.Build.0 = Debug|Any CPU
		{5E4D731B-B99D-4544-BFA7-BB485E8FE7EF}.Release|Any CPU.ActiveCfg = Release|Any CPU
		{5E4D731B-B99D-4544-BFA7-BB485E8FE7EF}.Release|Any CPU.Build.0 = Release|Any CPU
		{C2D107A9-B9AD-4B64-A6FC-346CD95AB01D}.Debug|Any CPU.ActiveCfg = Debug|Any CPU
		{C2D107A9-B9AD-4B64-A6FC-346CD95AB01D}.Debug|Any CPU.Build.0 = Debug|Any CPU
		{C2D107A9-B9AD-4B64-A6FC-346CD95AB01D}.Release|Any CPU.ActiveCfg = Release|Any CPU
		{C2D107A9-B9AD-4B64-A6FC-346CD95AB01D}.Release|Any CPU.Build.0 = Release|Any CPU
		{137C9494-1A2D-4A9B-977A-89350888E7CF}.Debug|Any CPU.ActiveCfg = Debug|Any CPU
		{137C9494-1A2D-4A9B-977A-89350888E7CF}.Debug|Any CPU.Build.0 = Debug|Any CPU
		{137C9494-1A2D-4A9B-977A-89350888E7CF}.Release|Any CPU.ActiveCfg = Release|Any CPU
		{137C9494-1A2D-4A9B-977A-89350888E7CF}.Release|Any CPU.Build.0 = Release|Any CPU
		{89D55043-BE9A-41A5-A77B-9DD896897D38}.Debug|Any CPU.ActiveCfg = Debug|Any CPU
		{89D55043-BE9A-41A5-A77B-9DD896897D38}.Debug|Any CPU.Build.0 = Debug|Any CPU
		{89D55043-BE9A-41A5-A77B-9DD896897D38}.Release|Any CPU.ActiveCfg = Release|Any CPU
		{89D55043-BE9A-41A5-A77B-9DD896897D38}.Release|Any CPU.Build.0 = Release|Any CPU
		{410C4F56-3CD5-49C8-8C3D-DF0257544111}.Debug|Any CPU.ActiveCfg = Debug|Any CPU
		{410C4F56-3CD5-49C8-8C3D-DF0257544111}.Debug|Any CPU.Build.0 = Debug|Any CPU
		{410C4F56-3CD5-49C8-8C3D-DF0257544111}.Release|Any CPU.ActiveCfg = Release|Any CPU
		{410C4F56-3CD5-49C8-8C3D-DF0257544111}.Release|Any CPU.Build.0 = Release|Any CPU
		{D73CE8FE-74C3-4DEE-8C20-58CAD0D0E9B5}.Debug|Any CPU.ActiveCfg = Debug|Any CPU
		{D73CE8FE-74C3-4DEE-8C20-58CAD0D0E9B5}.Debug|Any CPU.Build.0 = Debug|Any CPU
		{D73CE8FE-74C3-4DEE-8C20-58CAD0D0E9B5}.Release|Any CPU.ActiveCfg = Release|Any CPU
		{D73CE8FE-74C3-4DEE-8C20-58CAD0D0E9B5}.Release|Any CPU.Build.0 = Release|Any CPU
		{329B3D01-D491-4766-AD89-6FFA0946D9CA}.Debug|Any CPU.ActiveCfg = Debug|Any CPU
		{329B3D01-D491-4766-AD89-6FFA0946D9CA}.Debug|Any CPU.Build.0 = Debug|Any CPU
		{329B3D01-D491-4766-AD89-6FFA0946D9CA}.Release|Any CPU.ActiveCfg = Release|Any CPU
		{329B3D01-D491-4766-AD89-6FFA0946D9CA}.Release|Any CPU.Build.0 = Release|Any CPU
		{E32DDD69-405E-489D-9DBE-7E35AE15738F}.Debug|Any CPU.ActiveCfg = Debug|Any CPU
		{E32DDD69-405E-489D-9DBE-7E35AE15738F}.Debug|Any CPU.Build.0 = Debug|Any CPU
		{E32DDD69-405E-489D-9DBE-7E35AE15738F}.Release|Any CPU.ActiveCfg = Release|Any CPU
		{E32DDD69-405E-489D-9DBE-7E35AE15738F}.Release|Any CPU.Build.0 = Release|Any CPU
		{F44820FC-36BD-4EA2-9D9A-7FE10CBD6557}.Debug|Any CPU.ActiveCfg = Debug|Any CPU
		{F44820FC-36BD-4EA2-9D9A-7FE10CBD6557}.Debug|Any CPU.Build.0 = Debug|Any CPU
		{F44820FC-36BD-4EA2-9D9A-7FE10CBD6557}.Release|Any CPU.ActiveCfg = Release|Any CPU
		{F44820FC-36BD-4EA2-9D9A-7FE10CBD6557}.Release|Any CPU.Build.0 = Release|Any CPU
		{7A1B938B-9C85-41A3-8893-205B1B165A21}.Debug|Any CPU.ActiveCfg = Debug|Any CPU
		{7A1B938B-9C85-41A3-8893-205B1B165A21}.Debug|Any CPU.Build.0 = Debug|Any CPU
		{7A1B938B-9C85-41A3-8893-205B1B165A21}.Release|Any CPU.ActiveCfg = Release|Any CPU
		{7A1B938B-9C85-41A3-8893-205B1B165A21}.Release|Any CPU.Build.0 = Release|Any CPU
		{146BD371-E071-492C-892B-97C740649E26}.Debug|Any CPU.ActiveCfg = Debug|Any CPU
		{146BD371-E071-492C-892B-97C740649E26}.Debug|Any CPU.Build.0 = Debug|Any CPU
		{146BD371-E071-492C-892B-97C740649E26}.Release|Any CPU.ActiveCfg = Release|Any CPU
		{146BD371-E071-492C-892B-97C740649E26}.Release|Any CPU.Build.0 = Release|Any CPU
		{484A5E2C-1625-4CEB-B59A-F3ED33E568CC}.Debug|Any CPU.ActiveCfg = Debug|Any CPU
		{484A5E2C-1625-4CEB-B59A-F3ED33E568CC}.Debug|Any CPU.Build.0 = Debug|Any CPU
		{484A5E2C-1625-4CEB-B59A-F3ED33E568CC}.Release|Any CPU.ActiveCfg = Release|Any CPU
		{484A5E2C-1625-4CEB-B59A-F3ED33E568CC}.Release|Any CPU.Build.0 = Release|Any CPU
		{F2593C02-374D-433C-B7A1-A724E87796A6}.Debug|Any CPU.ActiveCfg = Debug|Any CPU
		{F2593C02-374D-433C-B7A1-A724E87796A6}.Debug|Any CPU.Build.0 = Debug|Any CPU
		{F2593C02-374D-433C-B7A1-A724E87796A6}.Release|Any CPU.ActiveCfg = Release|Any CPU
		{F2593C02-374D-433C-B7A1-A724E87796A6}.Release|Any CPU.Build.0 = Release|Any CPU
	EndGlobalSection
	GlobalSection(SolutionProperties) = preSolution
		HideSolutionNode = FALSE
	EndGlobalSection
EndGlobal
